
Microsoft Visual Studio Solution File, Format Version 12.00
# Visual Studio Version 16
VisualStudioVersion = 16.0.29709.97
MinimumVisualStudioVersion = 10.0.40219.1
Project("{9A19103F-16F7-4668-BE54-9A1E7A4F7556}") = "MissionCsharp", "MissionCsharp\MissionCsharp.csproj", "{72F039F8-AED5-4330-84E8-1FAAF674792E}"
EndProject
Project("{9A19103F-16F7-4668-BE54-9A1E7A4F7556}") = "SingletonPattern", "SingletonPattern\SingletonPattern.csproj", "{64504F36-23A2-44C0-8142-E5A4694CFF3E}"
EndProject
Project("{9A19103F-16F7-4668-BE54-9A1E7A4F7556}") = "tests", "tests\tests.csproj", "{E069CFB1-983A-4BF8-B149-FD9A040D9CF9}"
EndProject
Project("{FAE04EC0-301F-11D3-BF4B-00C04F79EFBC}") = "SqlConnectionUsingDapper", "SqlConnection\SqlConnectionUsingDapper.csproj", "{F72740C9-4BF8-4537-8536-5C34E21D77B9}"
EndProject
Project("{FAE04EC0-301F-11D3-BF4B-00C04F79EFBC}") = "TextFileIO", "TextFileIO\TextFileIO.csproj", "{7E195EDC-5998-46CC-8152-F37B9C230683}"
EndProject
Global
	GlobalSection(SolutionConfigurationPlatforms) = preSolution
		Debug|Any CPU = Debug|Any CPU
		Release|Any CPU = Release|Any CPU
	EndGlobalSection
	GlobalSection(ProjectConfigurationPlatforms) = postSolution
		{72F039F8-AED5-4330-84E8-1FAAF674792E}.Debug|Any CPU.ActiveCfg = Debug|Any CPU
		{72F039F8-AED5-4330-84E8-1FAAF674792E}.Debug|Any CPU.Build.0 = Debug|Any CPU
		{72F039F8-AED5-4330-84E8-1FAAF674792E}.Release|Any CPU.ActiveCfg = Release|Any CPU
		{72F039F8-AED5-4330-84E8-1FAAF674792E}.Release|Any CPU.Build.0 = Release|Any CPU
		{64504F36-23A2-44C0-8142-E5A4694CFF3E}.Debug|Any CPU.ActiveCfg = Debug|Any CPU
		{64504F36-23A2-44C0-8142-E5A4694CFF3E}.Debug|Any CPU.Build.0 = Debug|Any CPU
		{64504F36-23A2-44C0-8142-E5A4694CFF3E}.Release|Any CPU.ActiveCfg = Release|Any CPU
		{64504F36-23A2-44C0-8142-E5A4694CFF3E}.Release|Any CPU.Build.0 = Release|Any CPU
		{E069CFB1-983A-4BF8-B149-FD9A040D9CF9}.Debug|Any CPU.ActiveCfg = Debug|Any CPU
		{E069CFB1-983A-4BF8-B149-FD9A040D9CF9}.Debug|Any CPU.Build.0 = Debug|Any CPU
		{E069CFB1-983A-4BF8-B149-FD9A040D9CF9}.Release|Any CPU.ActiveCfg = Release|Any CPU
		{E069CFB1-983A-4BF8-B149-FD9A040D9CF9}.Release|Any CPU.Build.0 = Release|Any CPU
		{F72740C9-4BF8-4537-8536-5C34E21D77B9}.Debug|Any CPU.ActiveCfg = Debug|Any CPU
		{F72740C9-4BF8-4537-8536-5C34E21D77B9}.Debug|Any CPU.Build.0 = Debug|Any CPU
		{F72740C9-4BF8-4537-8536-5C34E21D77B9}.Release|Any CPU.ActiveCfg = Release|Any CPU
		{F72740C9-4BF8-4537-8536-5C34E21D77B9}.Release|Any CPU.Build.0 = Release|Any CPU
		{7E195EDC-5998-46CC-8152-F37B9C230683}.Debug|Any CPU.ActiveCfg = Debug|Any CPU
		{7E195EDC-5998-46CC-8152-F37B9C230683}.Debug|Any CPU.Build.0 = Debug|Any CPU
		{7E195EDC-5998-46CC-8152-F37B9C230683}.Release|Any CPU.ActiveCfg = Release|Any CPU
		{7E195EDC-5998-46CC-8152-F37B9C230683}.Release|Any CPU.Build.0 = Release|Any CPU
	EndGlobalSection
	GlobalSection(SolutionProperties) = preSolution
		HideSolutionNode = FALSE
	EndGlobalSection
	GlobalSection(ExtensibilityGlobals) = postSolution
		SolutionGuid = {B0B21278-F1D9-4B56-BD69-2E882E0F7CAD}
	EndGlobalSection
EndGlobal
